{
  "name": "socks5-node-fetch",
  "version": "0.0.4",
  "lockfileVersion": 1,
  "requires": true,
  "dependencies": {
    "encoding": {
      "version": "0.1.12",
      "resolved": "https://registry.npmjs.org/encoding/-/encoding-0.1.12.tgz",
      "integrity": "sha1-U4tm8+5izRq1HsMjgp0flIDHS+s=",
      "requires": {
        "iconv-lite": "~0.4.13"
      }
    },
    "iconv-lite": {
      "version": "0.4.24",
      "resolved": "https://registry.npmjs.org/iconv-lite/-/iconv-lite-0.4.24.tgz",
      "integrity": "sha512-v3MXnZAcvnywkTUEZomIActle7RXXeedOR31wwl7VlyoXO4Qi9arvSenNQWne1TcRwhCL1HwLI21bEqdpj8/rA==",
      "requires": {
        "safer-buffer": ">= 2.1.2 < 3"
      }
    },
    "ip-address": {
      "version": "5.8.9",
      "resolved": "https://registry.npmjs.org/ip-address/-/ip-address-5.8.9.tgz",
      "integrity": "sha512-7ay355oMN34iXhET1BmCJVsHjOTSItEEIIpOs38qUC23AIhOy+xIPnkrTuEFjeLMrTJ7m8KMXWgWfy/2Vn9sDw==",
      "requires": {
        "jsbn": "1.1.0",
        "lodash.find": "^4.6.0",
        "lodash.max": "^4.0.1",
        "lodash.merge": "^4.6.0",
        "lodash.padstart": "^4.6.1",
        "lodash.repeat": "^4.1.0",
        "sprintf-js": "1.1.0"
      }
    },
    "is-stream": {
      "version": "1.1.0",
      "resolved": "https://registry.npmjs.org/is-stream/-/is-stream-1.1.0.tgz",
      "integrity": "sha1-EtSj3U5o4Lec6428hBc66A2RykQ="
    },
    "jsbn": {
      "version": "1.1.0",
      "resolved": "https://registry.npmjs.org/jsbn/-/jsbn-1.1.0.tgz",
      "integrity": "sha1-sBMHyym2GKHtJux56RH4A8TaAEA="
    },
    "lodash.find": {
      "version": "4.6.0",
      "resolved": "https://registry.npmjs.org/lodash.find/-/lodash.find-4.6.0.tgz",
      "integrity": "sha1-ywcE1Hq3F4n/oN6Ll92Sb7iLE7E="
    },
    "lodash.max": {
      "version": "4.0.1",
      "resolved": "https://registry.npmjs.org/lodash.max/-/lodash.max-4.0.1.tgz",
      "integrity": "sha1-hzVWbGGLNan3YFILSHrnllivE2o="
    },
    "lodash.merge": {
      "version": "4.6.1",
      "resolved": "https://registry.npmjs.org/lodash.merge/-/lodash.merge-4.6.1.tgz",
      "integrity": "sha512-AOYza4+Hf5z1/0Hztxpm2/xiPZgi/cjMqdnKTUWTBSKchJlxXXuUSxCCl8rJlf4g6yww/j6mA8nC8Hw/EZWxKQ=="
    },
    "lodash.padstart": {
      "version": "4.6.1",
      "resolved": "https://registry.npmjs.org/lodash.padstart/-/lodash.padstart-4.6.1.tgz",
      "integrity": "sha1-0uPuv/DZ05rVD1y9G1KnvOa7YRs="
    },
    "lodash.repeat": {
      "version": "4.1.0",
      "resolved": "https://registry.npmjs.org/lodash.repeat/-/lodash.repeat-4.1.0.tgz",
      "integrity": "sha1-/H3oEx2MisB+S0n3T/6CnR8r7EQ="
    },
    "node-fetch": {
      "version": "1.7.3",
      "resolved": "https://registry.npmjs.org/node-fetch/-/node-fetch-1.7.3.tgz",
      "integrity": "sha512-NhZ4CsKx7cYm2vSrBAr2PvFOe6sWDf0UYLRqA6svUYg7+/TSfVAu49jYC4BvQ4Sms9SZgdqGBgroqfDhJdTyKQ==",
      "requires": {
        "encoding": "^0.1.11",
        "is-stream": "^1.0.1"
      }
    },
    "safer-buffer": {
      "version": "2.1.2",
      "resolved": "https://registry.npmjs.org/safer-buffer/-/safer-buffer-2.1.2.tgz",
      "integrity": "sha512-YZo3K82SD7Riyi0E1EQPojLz7kpepnSQI9IyPbHHg1XXXevb5dJI7tpyN2ADxGcQbHG7vcyRHk0cbwqcQriUtg=="
    },
    "socks5-client": {
      "version": "1.2.6",
      "resolved": "https://registry.npmjs.org/socks5-client/-/socks5-client-1.2.6.tgz",
      "integrity": "sha512-6ly0ZYGQaX8vBZvnRnRKT5yixfFEuQVxvYL5UGb7EFarP2d1yoWRJRBVfLKkBK5nOzX862EhhzOYwgZxRARwlQ==",
      "requires": {
        "ip-address": "~5.8.0"
      }
    },
    "socks5-http-client": {
      "version": "1.0.4",
      "resolved": "https://registry.npmjs.org/socks5-http-client/-/socks5-http-client-1.0.4.tgz",
      "integrity": "sha512-K16meYkltPtps6yDOqK9Mwlfz+pdD2kQQQ/TCO/gu2AImUmfO6nF2uXX1YWrPs4NCfClQNih19wqLXmuUcZCrA==",
      "requires": {
        "socks5-client": "~1.2.6"
      }
    },
    "socks5-https-client": {
      "version": "1.2.1",
      "resolved": "https://registry.npmjs.org/socks5-https-client/-/socks5-https-client-1.2.1.tgz",
      "integrity": "sha512-FbZ/X/2Xq3DAMhuRA4bnN0jy1QxaPTVPLFvyv6CEj0QDKSTdWp9yRxo1JhqXmWKhPQeJyUMajHJB2UjT43pFcw==",
      "requires": {
        "socks5-client": "~1.2.3"
      }
    },
    "sprintf-js": {
      "version": "1.1.0",
      "resolved": "https://registry.npmjs.org/sprintf-js/-/sprintf-js-1.1.0.tgz",
      "integrity": "sha1-z/yvcC2vZeo5u04PorKZzsGhvkY="
    }
  }
}
